
Microsoft Visual Studio Solution File, Format Version 12.00
# Visual Studio Version 16
VisualStudioVersion = 16.0.29519.87
MinimumVisualStudioVersion = 10.0.40219.1
Project("{FAE04EC0-301F-11D3-BF4B-00C04F79EFBC}") = "ShopAppNew", "ShopAppNew\ShopAppNew.csproj", "{51813813-1A9E-43D6-9BDA-7DCE0B2B1451}"
EndProject
Global
	GlobalSection(SolutionConfigurationPlatforms) = preSolution
		Debug|Any CPU = Debug|Any CPU
		Release|Any CPU = Release|Any CPU
	EndGlobalSection
	GlobalSection(ProjectConfigurationPlatforms) = postSolution
		{51813813-1A9E-43D6-9BDA-7DCE0B2B1451}.Debug|Any CPU.ActiveCfg = Debug|Any CPU
		{51813813-1A9E-43D6-9BDA-7DCE0B2B1451}.Debug|Any CPU.Build.0 = Debug|Any CPU
		{51813813-1A9E-43D6-9BDA-7DCE0B2B1451}.Release|Any CPU.ActiveCfg = Release|Any CPU
		{51813813-1A9E-43D6-9BDA-7DCE0B2B1451}.Release|Any CPU.Build.0 = Release|Any CPU
	EndGlobalSection
	GlobalSection(SolutionProperties) = preSolution
		HideSolutionNode = FALSE
	EndGlobalSection
	GlobalSection(ExtensibilityGlobals) = postSolution
		SolutionGuid = {A80B83B4-5C63-4FD1-9032-033721CCF725}
	EndGlobalSection
EndGlobal
